create_dataset:
  cmd: python -m src.data.create_dataset
  deps:
  - path: DATA/raw/sensors
    md5: 39bf86cb5c1fec062ca1c3a80f684af6.dir
  - path: DATA/raw/weather
    md5: 1e66c9c1008b5dbe70fd570278307e0b.dir
  - path: src/data/create_dataset.py
    md5: 16e2969a6d5144afa62c9c89e04795fd
  outs:
  - path: DATA/processed/dataset.csv
    md5: cd305c111398cf8b12215e4d382681ef
  - path: DATA/processed/sensors.csv
    md5: 28d515617cc8e47b5a2ae21953363897
train_clustering:
  cmd: python -m src.model.anom_clustering
  deps:
  - path: DATA/processed/dataset.csv
    md5: cd305c111398cf8b12215e4d382681ef
  - path: src/features/preproc_anom.py
    md5: 74959d7e5c30a33d9ab1e0638509cc03
  - path: src/model/anom_clustering.py
    md5: 8aa9f3b7da6745d2869bae0d1fcb9fc8
  outs:
  - path: DATA/metrics/clustering_metric.json
    md5: ed29e558c992a6066db0131f08602e0e
  - path: models/anomalies
    md5: 6dd9e659aafe65671819abd766ea4db1.dir
extract_anomalies:
  cmd: python -m src.model.extract_anomalies
  deps:
  - path: DATA/processed/dataset.csv
    md5: cd305c111398cf8b12215e4d382681ef
  - path: models/anomalies
    md5: 6dd9e659aafe65671819abd766ea4db1.dir
  - path: src/features/preproc_anom.py
    md5: 74959d7e5c30a33d9ab1e0638509cc03
  - path: src/model/anom_clustering.py
    md5: 8aa9f3b7da6745d2869bae0d1fcb9fc8
  outs:
  - path: DATA/processed/anomalies.csv
    md5: 117a1ab6b3096615efe5ec06d2de6922
train_forecast:
  cmd: python -m src.model.forecast
  deps:
  - path: DATA/processed/dataset.csv
    md5: cd305c111398cf8b12215e4d382681ef
  - path: src/features/preproc_forecast.py
    md5: ba92aedff072b2d290100eeefaa4e686
  - path: src/model/forecast.py
    md5: 4e73cf3d4d3c4bedd93fcf1aad2739e7
  outs:
  - path: DATA/metrics/forecast_metrics.json
    md5: 5b96d73729af4a905b0e6fe4e4d6b48c
  - path: models/forecast
    md5: e097a85186a6647da263c17f9466e298.dir
