create_dataset:
  cmd: python -m src.data.sensors_data
  deps:
  - path: DATA/processed/sensors.csv
    md5: e429cda6642132a93255cb988419dba8
  - path: DATA/raw/sensors
    md5: c265a0e4e5570601eeb59ed3f921bd66.dir
  - path: DATA/raw/weather
    md5: 085020b9a8437667fd3fc74789c3aaf4.dir
  - path: src/data/sensors_data.py
    md5: d65242348bbd0aa2f2caf5b7345e90a8
  - path: src/data/utils.py
    md5: 54e3fe85eefa7a0380190774fbae7827
  outs:
  - path: DATA/processed/dataset.csv
    md5: f3ff758fb22907f04a8ef99c47df4394
train_clustering:
  cmd: python -m src.model.anom_clustering
  deps:
  - path: DATA/processed/dataset.csv
    md5: bf7a6cdd161e13164f48a0e3ca0addc7
  - path: src/features/preproc_anom.py
    md5: 6308753638a4276b31ae103c647b051e
  - path: src/model/anom_clustering.py
    md5: 8f1d0708b1ef545593ffb5cc6c6eb89c
  outs:
  - path: DATA/metrics/clustering_metric.json
    md5: 61f8194eff974bfd2be9d3d21c0b1a64
  - path: models/anomalies
    md5: b51e1a3894c8b841954b07cbfe08d5b5.dir
extract_anomalies:
  cmd: python -m src.model.extract_anomalies
  deps:
  - path: DATA/processed/dataset.csv
    md5: bf7a6cdd161e13164f48a0e3ca0addc7
  - path: models/anomalies
    md5: b51e1a3894c8b841954b07cbfe08d5b5.dir
  - path: src/features/preproc_anom.py
    md5: 6308753638a4276b31ae103c647b051e
  - path: src/model/anom_clustering.py
    md5: 8f1d0708b1ef545593ffb5cc6c6eb89c
  outs:
  - path: DATA/processed/anomalies.csv
    md5: b36772828a372e8299f2ffbdf78e7522
train_forecast:
  cmd: python -m src.model.forecast
  deps:
  - path: DATA/processed/dataset.csv
    md5: bf7a6cdd161e13164f48a0e3ca0addc7
  - path: src/features/preproc_forecast.py
    md5: f833025acefd1fce43ab3f8bcf5e4354
  - path: src/model/forecast.py
    md5: b9a59d3c741469ee5711cf6cc859d7d5
  outs:
  - path: DATA/metrics/forecast_metrics.json
    md5: e32beffda29109ae0399b06ee0a086d0
  - path: models/forecast
    md5: a107e2006cb5cfbea006229e6a8b01cf.dir
extract_sensors:
  cmd: python -m src.data.spatial_data
  deps:
  - path: DATA/raw/sensors
    md5: c265a0e4e5570601eeb59ed3f921bd66.dir
  - path: DATA/raw/weather
    md5: 085020b9a8437667fd3fc74789c3aaf4.dir
  - path: requirements.txt
    md5: 78d07f2899fd80b580b9eb0661bb8f58
  - path: src/data/opentopodata.py
    md5: 9d824da3053f862ca361217e2bec164c
  - path: src/data/osmdata.py
    md5: c776baf8998a8b2bfe7ae7c224b5fbcc
  - path: src/data/utils.py
    md5: 54e3fe85eefa7a0380190774fbae7827
  outs:
  - path: DATA/processed/sensors.csv
    md5: e429cda6642132a93255cb988419dba8
