schema: '2.0'
stages:
  extract_sensors:
    cmd: python -m src.data.spatial_data
    deps:
    - path: DATA/raw/sensors/
      md5: 54b00448252d43abe607bd2c8495439e.dir
      size: 7196200520
      nfiles: 639
    - path: DATA/raw/weather/
      md5: 56cdfd6fa93b42a56c2441d6d27c0805.dir
      size: 3679018
      nfiles: 1
    - path: requirements.txt
      md5: 216f2018de6bfb8e8ced25bf8386b5d7
      size: 353
    - path: src/data/opentopodata.py
      md5: 09038e1d814fff6bcb998429c2ca5d00
      size: 1497
    - path: src/data/osmdata.py
      md5: 1483ea3c9809b6e05ce66dd18cf60e25
      size: 2117
    - path: src/data/utils.py
      md5: 6354c16229ce22a3711241bff2336b93
      size: 4097
    outs:
    - path: DATA/processed/sensors.csv
      md5: 3c6565fded257414abe9c4bdcd417f4e
      size: 28242
  create_dataset:
    cmd: python -m src.data.sensors_data
    deps:
    - path: DATA/processed/sensors.csv
      md5: 3c6565fded257414abe9c4bdcd417f4e
      size: 28242
    - path: src/data/sensors_data.py
      md5: 5dc35172562453d51352c8b04cb426dc
      size: 2983
    - path: src/data/utils.py
      md5: 6354c16229ce22a3711241bff2336b93
      size: 4097
    outs:
    - path: DATA/processed/dataset.csv
      md5: 1f7e45ff4852fd7befbbf3cd22968627
      size: 556467545
  spat_cv:
    cmd: python -m experiments.spat_cv
    deps:
    - path: DATA/processed/dataset.csv
      md5: 1f7e45ff4852fd7befbbf3cd22968627
      size: 556467545
    - path: experiments/spat_cv.py
      md5: 73adea9a989d85a455d535fd8fee9043
      size: 2682
    - path: src/gp/
      md5: 33d2165986ef99fadafcc61071280ffe.dir
      size: 44769
      nfiles: 25
    outs:
    - path: experiments/plots/spat_cv.json
      md5: f2e8eba9881af047740e76a04a42b38d
      size: 216
    - path: experiments/results/spat_cv.json
      md5: 55310a61c5ad8085c3420767da058dcd
      size: 64
  temp_cv:
    cmd: python -m experiments.temp_cv
    deps:
    - path: DATA/processed/dataset.csv
      md5: 1f7e45ff4852fd7befbbf3cd22968627
      size: 556467545
    - path: experiments/temp_cv.py
      md5: 46e8b244635775f81843385d70073909
      size: 3024
    - path: src/gp/
      md5: 33d2165986ef99fadafcc61071280ffe.dir
      size: 44769
      nfiles: 25
    outs:
    - path: experiments/plots/temp_cv.json
      md5: a46c8a7fa0947b15869f3851c5016d57
      size: 174
    - path: experiments/results/temp_cv.json
      md5: 4e826207ecdf016679d5d04325af64a6
      size: 64
